
Microsoft Visual Studio Solution File, Format Version 12.00
# Visual Studio Version 16
VisualStudioVersion = 16.0.29911.84
MinimumVisualStudioVersion = 10.0.40219.1
Project("{FAE04EC0-301F-11D3-BF4B-00C04F79EFBC}") = "AllForBIM", "AllForBIM\AllForBIM.csproj", "{73C12B8F-B0BD-4979-A4B8-3BE5853A5CCD}"
EndProject
Global
	GlobalSection(SolutionConfigurationPlatforms) = preSolution
		Debug|Any CPU = Debug|Any CPU
		Release|Any CPU = Release|Any CPU
	EndGlobalSection
	GlobalSection(ProjectConfigurationPlatforms) = postSolution
		{73C12B8F-B0BD-4979-A4B8-3BE5853A5CCD}.Debug|Any CPU.ActiveCfg = Debug|Any CPU
		{73C12B8F-B0BD-4979-A4B8-3BE5853A5CCD}.Debug|Any CPU.Build.0 = Debug|Any CPU
		{73C12B8F-B0BD-4979-A4B8-3BE5853A5CCD}.Release|Any CPU.ActiveCfg = Release|Any CPU
		{73C12B8F-B0BD-4979-A4B8-3BE5853A5CCD}.Release|Any CPU.Build.0 = Release|Any CPU
	EndGlobalSection
	GlobalSection(SolutionProperties) = preSolution
		HideSolutionNode = FALSE
	EndGlobalSection
	GlobalSection(ExtensibilityGlobals) = postSolution
		SolutionGuid = {EEF233BB-3528-4DB9-BCE0-D0FE842C0E32}
	EndGlobalSection
EndGlobal
